// !$*UTF8*$!
{
	archiveVersion = 1;
	classes = {
	};
	objectVersion = 56;
	objects = {

/* Begin PBXBuildFile section */
		276E5147292C0CAB001CBA3C /* AppDelegate.swift in Sources */ = {isa = PBXBuildFile; fileRef = 276E5146292C0CAB001CBA3C /* AppDelegate.swift */; };
		276E5149292C0CAB001CBA3C /* SceneDelegate.swift in Sources */ = {isa = PBXBuildFile; fileRef = 276E5148292C0CAB001CBA3C /* SceneDelegate.swift */; };
		276E514E292C0CAB001CBA3C /* Main.storyboard in Resources */ = {isa = PBXBuildFile; fileRef = 276E514C292C0CAB001CBA3C /* Main.storyboard */; };
		276E5150292C0CAB001CBA3C /* Assets.xcassets in Resources */ = {isa = PBXBuildFile; fileRef = 276E514F292C0CAB001CBA3C /* Assets.xcassets */; };
		276E5153292C0CAB001CBA3C /* LaunchScreen.storyboard in Resources */ = {isa = PBXBuildFile; fileRef = 276E5151292C0CAB001CBA3C /* LaunchScreen.storyboard */; };
		276E5161292C105E001CBA3C /* DataManager.swift in Sources */ = {isa = PBXBuildFile; fileRef = 276E5160292C105E001CBA3C /* DataManager.swift */; };
		276E5163292C11E3001CBA3C /* Person.swift in Sources */ = {isa = PBXBuildFile; fileRef = 276E5162292C11E3001CBA3C /* Person.swift */; };
		276E5165292C29C3001CBA3C /* PersonsTableViewController.swift in Sources */ = {isa = PBXBuildFile; fileRef = 276E5164292C29C3001CBA3C /* PersonsTableViewController.swift */; };
		276E5167292C3085001CBA3C /* ContactInfoViewController.swift in Sources */ = {isa = PBXBuildFile; fileRef = 276E5166292C3085001CBA3C /* ContactInfoViewController.swift */; };
		276E5169292D282C001CBA3C /* ContactTableViewController.swift in Sources */ = {isa = PBXBuildFile; fileRef = 276E5168292D282C001CBA3C /* ContactTableViewController.swift */; };
		276E516B292D2C6E001CBA3C /* EnterTabBarController.swift in Sources */ = {isa = PBXBuildFile; fileRef = 276E516A292D2C6E001CBA3C /* EnterTabBarController.swift */; };
/* End PBXBuildFile section */

/* Begin PBXFileReference section */
		276E5143292C0CAB001CBA3C /* ContactListApp.app */ = {isa = PBXFileReference; explicitFileType = wrapper.application; includeInIndex = 0; path = ContactListApp.app; sourceTree = BUILT_PRODUCTS_DIR; };
		276E5146292C0CAB001CBA3C /* AppDelegate.swift */ = {isa = PBXFileReference; lastKnownFileType = sourcecode.swift; path = AppDelegate.swift; sourceTree = "<group>"; };
		276E5148292C0CAB001CBA3C /* SceneDelegate.swift */ = {isa = PBXFileReference; lastKnownFileType = sourcecode.swift; path = SceneDelegate.swift; sourceTree = "<group>"; };
		276E514D292C0CAB001CBA3C /* Base */ = {isa = PBXFileReference; lastKnownFileType = file.storyboard; name = Base; path = Base.lproj/Main.storyboard; sourceTree = "<group>"; };
		276E514F292C0CAB001CBA3C /* Assets.xcassets */ = {isa = PBXFileReference; lastKnownFileType = folder.assetcatalog; path = Assets.xcassets; sourceTree = "<group>"; };
		276E5152292C0CAB001CBA3C /* Base */ = {isa = PBXFileReference; lastKnownFileType = file.storyboard; name = Base; path = Base.lproj/LaunchScreen.storyboard; sourceTree = "<group>"; };
		276E5154292C0CAB001CBA3C /* Info.plist */ = {isa = PBXFileReference; lastKnownFileType = text.plist.xml; path = Info.plist; sourceTree = "<group>"; };
		276E5160292C105E001CBA3C /* DataManager.swift */ = {isa = PBXFileReference; lastKnownFileType = sourcecode.swift; path = DataManager.swift; sourceTree = "<group>"; };
		276E5162292C11E3001CBA3C /* Person.swift */ = {isa = PBXFileReference; lastKnownFileType = sourcecode.swift; path = Person.swift; sourceTree = "<group>"; };
		276E5164292C29C3001CBA3C /* PersonsTableViewController.swift */ = {isa = PBXFileReference; lastKnownFileType = sourcecode.swift; path = PersonsTableViewController.swift; sourceTree = "<group>"; };
		276E5166292C3085001CBA3C /* ContactInfoViewController.swift */ = {isa = PBXFileReference; lastKnownFileType = sourcecode.swift; path = ContactInfoViewController.swift; sourceTree = "<group>"; };
		276E5168292D282C001CBA3C /* ContactTableViewController.swift */ = {isa = PBXFileReference; lastKnownFileType = sourcecode.swift; path = ContactTableViewController.swift; sourceTree = "<group>"; };
		276E516A292D2C6E001CBA3C /* EnterTabBarController.swift */ = {isa = PBXFileReference; lastKnownFileType = sourcecode.swift; path = EnterTabBarController.swift; sourceTree = "<group>"; };
/* End PBXFileReference section */

/* Begin PBXFrameworksBuildPhase section */
		276E5140292C0CAB001CBA3C /* Frameworks */ = {
			isa = PBXFrameworksBuildPhase;
			buildActionMask = 2147483647;
			files = (
			);
			runOnlyForDeploymentPostprocessing = 0;
		};
/* End PBXFrameworksBuildPhase section */

/* Begin PBXGroup section */
		276E513A292C0CAA001CBA3C = {
			isa = PBXGroup;
			children = (
				276E5145292C0CAB001CBA3C /* ContactListApp */,
				276E5144292C0CAB001CBA3C /* Products */,
			);
			sourceTree = "<group>";
		};
		276E5144292C0CAB001CBA3C /* Products */ = {
			isa = PBXGroup;
			children = (
				276E5143292C0CAB001CBA3C /* ContactListApp.app */,
			);
			name = Products;
			sourceTree = "<group>";
		};
		276E5145292C0CAB001CBA3C /* ContactListApp */ = {
			isa = PBXGroup;
			children = (
				276E515F292C1035001CBA3C /* DataSource */,
				276E515E292C102F001CBA3C /* Models */,
				276E515A292C0FC5001CBA3C /* App */,
				276E515B292C0FD0001CBA3C /* ViewControllers */,
				276E515C292C1010001CBA3C /* Storyboards */,
				276E515D292C1018001CBA3C /* Rescources */,
			);
			path = ContactListApp;
			sourceTree = "<group>";
		};
		276E515A292C0FC5001CBA3C /* App */ = {
			isa = PBXGroup;
			children = (
				276E5146292C0CAB001CBA3C /* AppDelegate.swift */,
				276E5148292C0CAB001CBA3C /* SceneDelegate.swift */,
				276E5154292C0CAB001CBA3C /* Info.plist */,
			);
			path = App;
			sourceTree = "<group>";
		};
		276E515B292C0FD0001CBA3C /* ViewControllers */ = {
			isa = PBXGroup;
			children = (
				276E5166292C3085001CBA3C /* ContactInfoViewController.swift */,
				276E5168292D282C001CBA3C /* ContactTableViewController.swift */,
				276E516A292D2C6E001CBA3C /* EnterTabBarController.swift */,
				276E5164292C29C3001CBA3C /* PersonsTableViewController.swift */,
			);
			path = ViewControllers;
			sourceTree = "<group>";
		};
		276E515C292C1010001CBA3C /* Storyboards */ = {
			isa = PBXGroup;
			children = (
				276E514C292C0CAB001CBA3C /* Main.storyboard */,
				276E5151292C0CAB001CBA3C /* LaunchScreen.storyboard */,
			);
			path = Storyboards;
			sourceTree = "<group>";
		};
		276E515D292C1018001CBA3C /* Rescources */ = {
			isa = PBXGroup;
			children = (
				276E514F292C0CAB001CBA3C /* Assets.xcassets */,
			);
			path = Rescources;
			sourceTree = "<group>";
		};
		276E515E292C102F001CBA3C /* Models */ = {
			isa = PBXGroup;
			children = (
				276E5162292C11E3001CBA3C /* Person.swift */,
			);
			path = Models;
			sourceTree = "<group>";
		};
		276E515F292C1035001CBA3C /* DataSource */ = {
			isa = PBXGroup;
			children = (
				276E5160292C105E001CBA3C /* DataManager.swift */,
			);
			path = DataSource;
			sourceTree = "<group>";
		};
/* End PBXGroup section */

/* Begin PBXNativeTarget section */
		276E5142292C0CAB001CBA3C /* ContactListApp */ = {
			isa = PBXNativeTarget;
			buildConfigurationList = 276E5157292C0CAB001CBA3C /* Build configuration list for PBXNativeTarget "ContactListApp" */;
			buildPhases = (
				276E513F292C0CAB001CBA3C /* Sources */,
				276E5140292C0CAB001CBA3C /* Frameworks */,
				276E5141292C0CAB001CBA3C /* Resources */,
			);
			buildRules = (
			);
			dependencies = (
			);
			name = ContactListApp;
			productName = ContactListApp;
			productReference = 276E5143292C0CAB001CBA3C /* ContactListApp.app */;
			productType = "com.apple.product-type.application";
		};
/* End PBXNativeTarget section */

/* Begin PBXProject section */
		276E513B292C0CAA001CBA3C /* Project object */ = {
			isa = PBXProject;
			attributes = {
				BuildIndependentTargetsInParallel = 1;
				LastSwiftUpdateCheck = 1400;
				LastUpgradeCheck = 1400;
				TargetAttributes = {
					276E5142292C0CAB001CBA3C = {
						CreatedOnToolsVersion = 14.0.1;
					};
				};
			};
			buildConfigurationList = 276E513E292C0CAA001CBA3C /* Build configuration list for PBXProject "ContactListApp" */;
			compatibilityVersion = "Xcode 14.0";
			developmentRegion = en;
			hasScannedForEncodings = 0;
			knownRegions = (
				en,
				Base,
			);
			mainGroup = 276E513A292C0CAA001CBA3C;
			productRefGroup = 276E5144292C0CAB001CBA3C /* Products */;
			projectDirPath = "";
			projectRoot = "";
			targets = (
				276E5142292C0CAB001CBA3C /* ContactListApp */,
			);
		};
/* End PBXProject section */

/* Begin PBXResourcesBuildPhase section */
		276E5141292C0CAB001CBA3C /* Resources */ = {
			isa = PBXResourcesBuildPhase;
			buildActionMask = 2147483647;
			files = (
				276E5153292C0CAB001CBA3C /* LaunchScreen.storyboard in Resources */,
				276E5150292C0CAB001CBA3C /* Assets.xcassets in Resources */,
				276E514E292C0CAB001CBA3C /* Main.storyboard in Resources */,
			);
			runOnlyForDeploymentPostprocessing = 0;
		};
/* End PBXResourcesBuildPhase section */

/* Begin PBXSourcesBuildPhase section */
		276E513F292C0CAB001CBA3C /* Sources */ = {
			isa = PBXSourcesBuildPhase;
			buildActionMask = 2147483647;
			files = (
				276E5163292C11E3001CBA3C /* Person.swift in Sources */,
				276E5165292C29C3001CBA3C /* PersonsTableViewController.swift in Sources */,
				276E5161292C105E001CBA3C /* DataManager.swift in Sources */,
				276E5147292C0CAB001CBA3C /* AppDelegate.swift in Sources */,
				276E516B292D2C6E001CBA3C /* EnterTabBarController.swift in Sources */,
				276E5149292C0CAB001CBA3C /* SceneDelegate.swift in Sources */,
				276E5169292D282C001CBA3C /* ContactTableViewController.swift in Sources */,
				276E5167292C3085001CBA3C /* ContactInfoViewController.swift in Sources */,
			);
			runOnlyForDeploymentPostprocessing = 0;
		};
/* End PBXSourcesBuildPhase section */

/* Begin PBXVariantGroup section */
		276E514C292C0CAB001CBA3C /* Main.storyboard */ = {
			isa = PBXVariantGroup;
			children = (
				276E514D292C0CAB001CBA3C /* Base */,
			);
			name = Main.storyboard;
			sourceTree = "<group>";
		};
		276E5151292C0CAB001CBA3C /* LaunchScreen.storyboard */ = {
			isa = PBXVariantGroup;
			children = (
				276E5152292C0CAB001CBA3C /* Base */,
			);
			name = LaunchScreen.storyboard;
			sourceTree = "<group>";
		};
/* End PBXVariantGroup section */

/* Begin XCBuildConfiguration section */
		276E5155292C0CAB001CBA3C /* Debug */ = {
			isa = XCBuildConfiguration;
			buildSettings = {
				ALWAYS_SEARCH_USER_PATHS = NO;
				CLANG_ANALYZER_NONNULL = YES;
				CLANG_ANALYZER_NUMBER_OBJECT_CONVERSION = YES_AGGRESSIVE;
				CLANG_CXX_LANGUAGE_STANDARD = "gnu++20";
				CLANG_ENABLE_MODULES = YES;
				CLANG_ENABLE_OBJC_ARC = YES;
				CLANG_ENABLE_OBJC_WEAK = YES;
				CLANG_WARN_BLOCK_CAPTURE_AUTORELEASING = YES;
				CLANG_WARN_BOOL_CONVERSION = YES;
				CLANG_WARN_COMMA = YES;
				CLANG_WARN_CONSTANT_CONVERSION = YES;
				CLANG_WARN_DEPRECATED_OBJC_IMPLEMENTATIONS = YES;
				CLANG_WARN_DIRECT_OBJC_ISA_USAGE = YES_ERROR;
				CLANG_WARN_DOCUMENTATION_COMMENTS = YES;
				CLANG_WARN_EMPTY_BODY = YES;
				CLANG_WARN_ENUM_CONVERSION = YES;
				CLANG_WARN_INFINITE_RECURSION = YES;
				CLANG_WARN_INT_CONVERSION = YES;
				CLANG_WARN_NON_LITERAL_NULL_CONVERSION = YES;
				CLANG_WARN_OBJC_IMPLICIT_RETAIN_SELF = YES;
				CLANG_WARN_OBJC_LITERAL_CONVERSION = YES;
				CLANG_WARN_OBJC_ROOT_CLASS = YES_ERROR;
				CLANG_WARN_QUOTED_INCLUDE_IN_FRAMEWORK_HEADER = YES;
				CLANG_WARN_RANGE_LOOP_ANALYSIS = YES;
				CLANG_WARN_STRICT_PROTOTYPES = YES;
				CLANG_WARN_SUSPICIOUS_MOVE = YES;
				CLANG_WARN_UNGUARDED_AVAILABILITY = YES_AGGRESSIVE;
				CLANG_WARN_UNREACHABLE_CODE = YES;
				CLANG_WARN__DUPLICATE_METHOD_MATCH = YES;
				COPY_PHASE_STRIP = NO;
				DEBUG_INFORMATION_FORMAT = dwarf;
				ENABLE_STRICT_OBJC_MSGSEND = YES;
				ENABLE_TESTABILITY = YES;
				GCC_C_LANGUAGE_STANDARD = gnu11;
				GCC_DYNAMIC_NO_PIC = NO;
				GCC_NO_COMMON_BLOCKS = YES;
				GCC_OPTIMIZATION_LEVEL = 0;
				GCC_PREPROCESSOR_DEFINITIONS = (
					"DEBUG=1",
					"$(inherited)",
				);
				GCC_WARN_64_TO_32_BIT_CONVERSION = YES;
				GCC_WARN_ABOUT_RETURN_TYPE = YES_ERROR;
				GCC_WARN_UNDECLARED_SELECTOR = YES;
				GCC_WARN_UNINITIALIZED_AUTOS = YES_AGGRESSIVE;
				GCC_WARN_UNUSED_FUNCTION = YES;
				GCC_WARN_UNUSED_VARIABLE = YES;
				IPHONEOS_DEPLOYMENT_TARGET = 16.0;
				MTL_ENABLE_DEBUG_INFO = INCLUDE_SOURCE;
				MTL_FAST_MATH = YES;
				ONLY_ACTIVE_ARCH = YES;
				SDKROOT = iphoneos;
				SWIFT_ACTIVE_COMPILATION_CONDITIONS = DEBUG;
				SWIFT_OPTIMIZATION_LEVEL = "-Onone";
			};
			name = Debug;
		};
		276E5156292C0CAB001CBA3C /* Release */ = {
			isa = XCBuildConfiguration;
			buildSettings = {
				ALWAYS_SEARCH_USER_PATHS = NO;
				CLANG_ANALYZER_NONNULL = YES;
				CLANG_ANALYZER_NUMBER_OBJECT_CONVERSION = YES_AGGRESSIVE;
				CLANG_CXX_LANGUAGE_STANDARD = "gnu++20";
				CLANG_ENABLE_MODULES = YES;
				CLANG_ENABLE_OBJC_ARC = YES;
				CLANG_ENABLE_OBJC_WEAK = YES;
				CLANG_WARN_BLOCK_CAPTURE_AUTORELEASING = YES;
				CLANG_WARN_BOOL_CONVERSION = YES;
				CLANG_WARN_COMMA = YES;
				CLANG_WARN_CONSTANT_CONVERSION = YES;
				CLANG_WARN_DEPRECATED_OBJC_IMPLEMENTATIONS = YES;
				CLANG_WARN_DIRECT_OBJC_ISA_USAGE = YES_ERROR;
				CLANG_WARN_DOCUMENTATION_COMMENTS = YES;
				CLANG_WARN_EMPTY_BODY = YES;
				CLANG_WARN_ENUM_CONVERSION = YES;
				CLANG_WARN_INFINITE_RECURSION = YES;
				CLANG_WARN_INT_CONVERSION = YES;
				CLANG_WARN_NON_LITERAL_NULL_CONVERSION = YES;
				CLANG_WARN_OBJC_IMPLICIT_RETAIN_SELF = YES;
				CLANG_WARN_OBJC_LITERAL_CONVERSION = YES;
				CLANG_WARN_OBJC_ROOT_CLASS = YES_ERROR;
				CLANG_WARN_QUOTED_INCLUDE_IN_FRAMEWORK_HEADER = YES;
				CLANG_WARN_RANGE_LOOP_ANALYSIS = YES;
				CLANG_WARN_STRICT_PROTOTYPES = YES;
				CLANG_WARN_SUSPICIOUS_MOVE = YES;
				CLANG_WARN_UNGUARDED_AVAILABILITY = YES_AGGRESSIVE;
				CLANG_WARN_UNREACHABLE_CODE = YES;
				CLANG_WARN__DUPLICATE_METHOD_MATCH = YES;
				COPY_PHASE_STRIP = NO;
				DEBUG_INFORMATION_FORMAT = "dwarf-with-dsym";
				ENABLE_NS_ASSERTIONS = NO;
				ENABLE_STRICT_OBJC_MSGSEND = YES;
				GCC_C_LANGUAGE_STANDARD = gnu11;
				GCC_NO_COMMON_BLOCKS = YES;
				GCC_WARN_64_TO_32_BIT_CONVERSION = YES;
				GCC_WARN_ABOUT_RETURN_TYPE = YES_ERROR;
				GCC_WARN_UNDECLARED_SELECTOR = YES;
				GCC_WARN_UNINITIALIZED_AUTOS = YES_AGGRESSIVE;
				GCC_WARN_UNUSED_FUNCTION = YES;
				GCC_WARN_UNUSED_VARIABLE = YES;
				IPHONEOS_DEPLOYMENT_TARGET = 16.0;
				MTL_ENABLE_DEBUG_INFO = NO;
				MTL_FAST_MATH = YES;
				SDKROOT = iphoneos;
				SWIFT_COMPILATION_MODE = wholemodule;
				SWIFT_OPTIMIZATION_LEVEL = "-O";
				VALIDATE_PRODUCT = YES;
			};
			name = Release;
		};
		276E5158292C0CAB001CBA3C /* Debug */ = {
			isa = XCBuildConfiguration;
			buildSettings = {
				ASSETCATALOG_COMPILER_APPICON_NAME = AppIcon;
				ASSETCATALOG_COMPILER_GLOBAL_ACCENT_COLOR_NAME = AccentColor;
				CODE_SIGN_STYLE = Automatic;
				CURRENT_PROJECT_VERSION = 1;
				GENERATE_INFOPLIST_FILE = YES;
				INFOPLIST_FILE = ContactListApp/App/Info.plist;
				INFOPLIST_KEY_UIApplicationSupportsIndirectInputEvents = YES;
				INFOPLIST_KEY_UILaunchStoryboardName = LaunchScreen;
				INFOPLIST_KEY_UIMainStoryboardFile = Main;
				INFOPLIST_KEY_UISupportedInterfaceOrientations_iPad = "UIInterfaceOrientationPortrait UIInterfaceOrientationPortraitUpsideDown UIInterfaceOrientationLandscapeLeft UIInterfaceOrientationLandscapeRight";
				INFOPLIST_KEY_UISupportedInterfaceOrientations_iPhone = "UIInterfaceOrientationPortrait UIInterfaceOrientationLandscapeLeft UIInterfaceOrientationLandscapeRight";
				LD_RUNPATH_SEARCH_PATHS = (
					"$(inherited)",
					"@executable_path/Frameworks",
				);
				MARKETING_VERSION = 1.0;
				PRODUCT_BUNDLE_IDENTIFIER = EgorYakovin.ContactListApp;
				PRODUCT_NAME = "$(TARGET_NAME)";
				SWIFT_EMIT_LOC_STRINGS = YES;
				SWIFT_VERSION = 5.0;
				TARGETED_DEVICE_FAMILY = "1,2";
			};
			name = Debug;
		};
		276E5159292C0CAB001CBA3C /* Release */ = {
			isa = XCBuildConfiguration;
			buildSettings = {
				ASSETCATALOG_COMPILER_APPICON_NAME = AppIcon;
				ASSETCATALOG_COMPILER_GLOBAL_ACCENT_COLOR_NAME = AccentColor;
				CODE_SIGN_STYLE = Automatic;
				CURRENT_PROJECT_VERSION = 1;
				GENERATE_INFOPLIST_FILE = YES;
				INFOPLIST_FILE = ContactListApp/App/Info.plist;
				INFOPLIST_KEY_UIApplicationSupportsIndirectInputEvents = YES;
				INFOPLIST_KEY_UILaunchStoryboardName = LaunchScreen;
				INFOPLIST_KEY_UIMainStoryboardFile = Main;
				INFOPLIST_KEY_UISupportedInterfaceOrientations_iPad = "UIInterfaceOrientationPortrait UIInterfaceOrientationPortraitUpsideDown UIInterfaceOrientationLandscapeLeft UIInterfaceOrientationLandscapeRight";
				INFOPLIST_KEY_UISupportedInterfaceOrientations_iPhone = "UIInterfaceOrientationPortrait UIInterfaceOrientationLandscapeLeft UIInterfaceOrientationLandscapeRight";
				LD_RUNPATH_SEARCH_PATHS = (
					"$(inherited)",
					"@executable_path/Frameworks",
				);
				MARKETING_VERSION = 1.0;
				PRODUCT_BUNDLE_IDENTIFIER = EgorYakovin.ContactListApp;
				PRODUCT_NAME = "$(TARGET_NAME)";
				SWIFT_EMIT_LOC_STRINGS = YES;
				SWIFT_VERSION = 5.0;
				TARGETED_DEVICE_FAMILY = "1,2";
			};
			name = Release;
		};
/* End XCBuildConfiguration section */

/* Begin XCConfigurationList section */
		276E513E292C0CAA001CBA3C /* Build configuration list for PBXProject "ContactListApp" */ = {
			isa = XCConfigurationList;
			buildConfigurations = (
				276E5155292C0CAB001CBA3C /* Debug */,
				276E5156292C0CAB001CBA3C /* Release */,
			);
			defaultConfigurationIsVisible = 0;
			defaultConfigurationName = Release;
		};
		276E5157292C0CAB001CBA3C /* Build configuration list for PBXNativeTarget "ContactListApp" */ = {
			isa = XCConfigurationList;
			buildConfigurations = (
				276E5158292C0CAB001CBA3C /* Debug */,
				276E5159292C0CAB001CBA3C /* Release */,
			);
			defaultConfigurationIsVisible = 0;
			defaultConfigurationName = Release;
		};
/* End XCConfigurationList section */
	};
	rootObject = 276E513B292C0CAA001CBA3C /* Project object */;
}
